github.com/VividCortex/ewma v1.2.0 h1:f58SaIzcDXrSy3kWaHNvuJgJ3Nmz59Zji6XoJR/q1ow=
github.com/VividCortex/ewma v1.2.0/go.mod h1:nz4BbCtbLyFDeC9SUHbtcT5644juEuWfUAUnGx7j5l4=
github.com/acarl005/stripansi v0.0.0-20180116102854-5a71ef0e047d h1:licZJFw2RwpHMqeKTCYkitsPqHNxTmd4SNR5r94FGM8=
github.com/acarl005/stripansi v0.0.0-20180116102854-5a71ef0e047d/go.mod h1:asat636LX7Bqt5lYEZ27JNDcqxfjdBQuJ/MM4CN/Lzo=
github.com/briandowns/spinner v1.19.0 h1:s8aq38H+Qju89yhp89b4iIiMzMm8YN3p6vGpwyh/a8E=
github.com/briandowns/spinner v1.19.0/go.mod h1:mQak9GHqbspjC/5iUx3qMlIho8xBS/ppAL/hX5SmPJU=
github.com/chelnak/ysmrr v0.1.1 h1:n93hOwJOZ1jX/WzKajhDI9L+HOptH5Q77uzP3gpPDp4=
github.com/chelnak/ysmrr v0.1.1/go.mod h1:kOvlzzrl5v0A0DmjUTLNurZfe/ZzGKaaMDZxSg/XXV4=
github.com/chelnak/ysmrr v0.2.0 h1:PUxoQqqk8SCLpCqVRhNrgGgsH/wRmFd09rOyIlhzobg=
github.com/chelnak/ysmrr v0.2.0/go.mod h1:kOvlzzrl5v0A0DmjUTLNurZfe/ZzGKaaMDZxSg/XXV4=
github.com/fatih/color v1.7.0/go.mod h1:Zm6kSWBoL9eyXnKyktHP6abPY2pDugNf5KwzbycvMj4=
github.com/fatih/color v1.13.0 h1:8LOYc1KYPPmyKMuN8QV2DNRWNbLo6LZ0iLs8+mlH53w=
github.com/fatih/color v1.13.0/go.mod h1:kLAiJbzzSOZDVNGyDpeOxJ47H46qBXwg5ILebYFFOfk=
github.com/gosuri/uilive v0.0.4 h1:hUEBpQDj8D8jXgtCdBu7sWsy5sbW/5GhuO8KBwJ2jyY=
github.com/gosuri/uilive v0.0.4/go.mod h1:V/epo5LjjlDE5RJUcqx8dbw+zc93y5Ya3yg8tfZ74VI=
github.com/jaxleof/uispinner v1.0.0 h1:TwNTzh4W597yi8EXr3Y7PIHXlNVlIyVRoX8y+HIHIT0=
github.com/jaxleof/uispinner v1.0.0/go.mod h1:E4T170HIXPkiMDf6Plic7nXW9e5HJ960expDGlC2C9w=
github.com/mattn/go-colorable v0.1.2/go.mod h1:U0ppj6V5qS13XJ6of8GYAs25YV2eR4EVcfRqFIhoBtE=
github.com/mattn/go-colorable v0.1.9/go.mod h1:u6P/XSegPjTcexA+o6vUJrdnUu04hMope9wVRipJSqc=
github.com/mattn/go-colorable v0.1.13 h1:fFA4WZxdEF4tXPZVKMLwD8oUnCTTo08duU7wxecdEvA=
github.com/mattn/go-colorable v0.1.13/go.mod h1:7S9/ev0klgBDR4GtXTXX8a3vIGJpMovkB8vQcUbaXHg=
github.com/mattn/go-isatty v0.0.8/go.mod h1:Iq45c/XA43vh69/j3iqttzPXn0bhXyGjM0Hdxcsrc5s=
github.com/mattn/go-isatty v0.0.12/go.mod h1:cbi8OIDigv2wuxKPP5vlRcQ1OAZbq2CE4Kysco4FUpU=
github.com/mattn/go-isatty v0.0.14/go.mod h1:7GGIvUiUoEMVVmxf/4nioHXj79iQHKdU27kJ6hsGG94=
github.com/mattn/go-isatty v0.0.16 h1:bq3VjFmv/sOjHtdEhmkEV4x1AJtvUvOJ2PFAZ5+peKQ=
github.com/mattn/go-isatty v0.0.16/go.mod h1:kYGgaQfpe5nmfYZH+SKPsOc2e4SrIfOl2e/yFXSvRLM=
github.com/mattn/go-runewidth v0.0.13 h1:lTGmDsbAYt5DmK6OnoV7EuIF1wEIFAcxld6ypU4OSgU=
github.com/mattn/go-runewidth v0.0.13/go.mod h1:Jdepj2loyihRzMpdS35Xk/zdY8IAYHsh153qUoGf23w=
github.com/rivo/uniseg v0.2.0/go.mod h1:J6wj4VEh+S6ZtnVlnTBMWIodfgj8LQOQFoIToxlJtxc=
github.com/rivo/uniseg v0.3.4 h1:3Z3Eu6FGHZWSfNKJTOUiPatWwfc7DzJRU04jFUqJODw=
github.com/rivo/uniseg v0.3.4/go.mod h1:FN3SvrM+Zdj16jyLfmOkMNblXMcoc8DfTHruCPUcx88=
github.com/ttacon/chalk v0.0.0-20160626202418-22c06c80ed31 h1:OXcKh35JaYsGMRzpvFkLv/MEyPuL49CThT1pZ8aSml4=
github.com/ttacon/chalk v0.0.0-20160626202418-22c06c80ed31/go.mod h1:onvgF043R+lC5RZ8IT9rBXDaEDnpnw/Cl+HFiw+v/7Q=
github.com/vbauerster/mpb/v7 v7.4.2 h1:n917F4d8EWdUKc9c81wFkksyG6P6Mg7IETfKCE1Xqng=
github.com/vbauerster/mpb/v7 v7.4.2/go.mod h1:UmOiIUI8aPqWXIps0ciik3RKMdzx7+ooQpq+fBcXwBA=
golang.org/x/sys v0.0.0-20190222072716-a9d3bda3a223/go.mod h1:STP8DvDyc/dI5b8T5hshtkjS+E42TnysNCUPdjciGhY=
golang.org/x/sys v0.0.0-20200116001909-b77594299b42/go.mod h1:h1NjWce9XRLGQEsW7wpKNCjG9DtNlClVuFLEZdDNbEs=
golang.org/x/sys v0.0.0-20200223170610-d5e6a3e2c0ae/go.mod h1:h1NjWce9XRLGQEsW7wpKNCjG9DtNlClVuFLEZdDNbEs=
golang.org/x/sys v0.0.0-20210630005230-0f9fa26af87c/go.mod h1:oPkhp1MJrh7nUepCBck5+mAzfO9JrbApNNgaTdGDITg=
golang.org/x/sys v0.0.0-20220520151302-bc2c85ada10a/go.mod h1:oPkhp1MJrh7nUepCBck5+mAzfO9JrbApNNgaTdGDITg=
golang.org/x/sys v0.0.0-20220811171246-fbc7d0a398ab/go.mod h1:oPkhp1MJrh7nUepCBck5+mAzfO9JrbApNNgaTdGDITg=
golang.org/x/sys v0.0.0-20220818161305-2296e01440c6 h1:Sx/u41w+OwrInGdEckYmEuU5gHoGSL4QbDz3S9s6j4U=
golang.org/x/sys v0.0.0-20220818161305-2296e01440c6/go.mod h1:oPkhp1MJrh7nUepCBck5+mAzfO9JrbApNNgaTdGDITg=
golang.org/x/sys v0.0.0-20220825204002-c680a09ffe64 h1:UiNENfZ8gDvpiWw7IpOMQ27spWmThO1RwwdQVbJahJM=
golang.org/x/sys v0.0.0-20220825204002-c680a09ffe64/go.mod h1:oPkhp1MJrh7nUepCBck5+mAzfO9JrbApNNgaTdGDITg=
golang.org/x/sys v0.0.0-20220829200755-d48e67d00261 h1:v6hYoSR9T5oet+pMXwUWkbiVqx/63mlHjefrHmxwfeY=
golang.org/x/sys v0.0.0-20220829200755-d48e67d00261/go.mod h1:oPkhp1MJrh7nUepCBck5+mAzfO9JrbApNNgaTdGDITg=
